
Microsoft Visual Studio Solution File, Format Version 12.00
# Visual Studio Version 16
VisualStudioVersion = 16.0.30330.147
MinimumVisualStudioVersion = 10.0.40219.1
Project("{8BC9CEB8-8B4A-11D0-8D11-00A0C91BC942}") = "Lab6_dop1", "Lab6_dop1\Lab6_dop1.vcxproj", "{1735032B-C4F7-499A-97EA-DDB812716029}"
EndProject
Global
	GlobalSection(SolutionConfigurationPlatforms) = preSolution
		Debug|x64 = Debug|x64
		Debug|x86 = Debug|x86
		Release|x64 = Release|x64
		Release|x86 = Release|x86
	EndGlobalSection
	GlobalSection(ProjectConfigurationPlatforms) = postSolution
		{1735032B-C4F7-499A-97EA-DDB812716029}.Debug|x64.ActiveCfg = Debug|x64
		{1735032B-C4F7-499A-97EA-DDB812716029}.Debug|x64.Build.0 = Debug|x64
		{1735032B-C4F7-499A-97EA-DDB812716029}.Debug|x86.ActiveCfg = Debug|Win32
		{1735032B-C4F7-499A-97EA-DDB812716029}.Debug|x86.Build.0 = Debug|Win32
		{1735032B-C4F7-499A-97EA-DDB812716029}.Release|x64.ActiveCfg = Release|x64
		{1735032B-C4F7-499A-97EA-DDB812716029}.Release|x64.Build.0 = Release|x64
		{1735032B-C4F7-499A-97EA-DDB812716029}.Release|x86.ActiveCfg = Release|Win32
		{1735032B-C4F7-499A-97EA-DDB812716029}.Release|x86.Build.0 = Release|Win32
	EndGlobalSection
	GlobalSection(SolutionProperties) = preSolution
		HideSolutionNode = FALSE
	EndGlobalSection
	GlobalSection(ExtensibilityGlobals) = postSolution
		SolutionGuid = {310B91DC-B71B-4221-BE1B-F5C3C2A935DC}
	EndGlobalSection
EndGlobal
