
Microsoft Visual Studio Solution File, Format Version 12.00
# Visual Studio Version 16
VisualStudioVersion = 16.0.30330.147
MinimumVisualStudioVersion = 10.0.40219.1
Project("{8BC9CEB8-8B4A-11D0-8D11-00A0C91BC942}") = "Lab11_2", "Lab11_2\Lab11_2.vcxproj", "{C071699B-54B4-4989-8102-A29193D8362F}"
EndProject
Global
	GlobalSection(SolutionConfigurationPlatforms) = preSolution
		Debug|x64 = Debug|x64
		Debug|x86 = Debug|x86
		Release|x64 = Release|x64
		Release|x86 = Release|x86
	EndGlobalSection
	GlobalSection(ProjectConfigurationPlatforms) = postSolution
		{C071699B-54B4-4989-8102-A29193D8362F}.Debug|x64.ActiveCfg = Debug|x64
		{C071699B-54B4-4989-8102-A29193D8362F}.Debug|x64.Build.0 = Debug|x64
		{C071699B-54B4-4989-8102-A29193D8362F}.Debug|x86.ActiveCfg = Debug|Win32
		{C071699B-54B4-4989-8102-A29193D8362F}.Debug|x86.Build.0 = Debug|Win32
		{C071699B-54B4-4989-8102-A29193D8362F}.Release|x64.ActiveCfg = Release|x64
		{C071699B-54B4-4989-8102-A29193D8362F}.Release|x64.Build.0 = Release|x64
		{C071699B-54B4-4989-8102-A29193D8362F}.Release|x86.ActiveCfg = Release|Win32
		{C071699B-54B4-4989-8102-A29193D8362F}.Release|x86.Build.0 = Release|Win32
	EndGlobalSection
	GlobalSection(SolutionProperties) = preSolution
		HideSolutionNode = FALSE
	EndGlobalSection
	GlobalSection(ExtensibilityGlobals) = postSolution
		SolutionGuid = {F8AD15DE-6421-481F-B365-F393CF21C2AB}
	EndGlobalSection
EndGlobal
