
Microsoft Visual Studio Solution File, Format Version 12.00
# Visual Studio Version 16
VisualStudioVersion = 16.0.30330.147
MinimumVisualStudioVersion = 10.0.40219.1
Project("{8BC9CEB8-8B4A-11D0-8D11-00A0C91BC942}") = "Lab8_2", "Lab8_2\Lab8_2.vcxproj", "{A9B9921B-D644-45E1-92E1-2834B4F6DF55}"
EndProject
Global
	GlobalSection(SolutionConfigurationPlatforms) = preSolution
		Debug|x64 = Debug|x64
		Debug|x86 = Debug|x86
		Release|x64 = Release|x64
		Release|x86 = Release|x86
	EndGlobalSection
	GlobalSection(ProjectConfigurationPlatforms) = postSolution
		{A9B9921B-D644-45E1-92E1-2834B4F6DF55}.Debug|x64.ActiveCfg = Debug|x64
		{A9B9921B-D644-45E1-92E1-2834B4F6DF55}.Debug|x64.Build.0 = Debug|x64
		{A9B9921B-D644-45E1-92E1-2834B4F6DF55}.Debug|x86.ActiveCfg = Debug|Win32
		{A9B9921B-D644-45E1-92E1-2834B4F6DF55}.Debug|x86.Build.0 = Debug|Win32
		{A9B9921B-D644-45E1-92E1-2834B4F6DF55}.Release|x64.ActiveCfg = Release|x64
		{A9B9921B-D644-45E1-92E1-2834B4F6DF55}.Release|x64.Build.0 = Release|x64
		{A9B9921B-D644-45E1-92E1-2834B4F6DF55}.Release|x86.ActiveCfg = Release|Win32
		{A9B9921B-D644-45E1-92E1-2834B4F6DF55}.Release|x86.Build.0 = Release|Win32
	EndGlobalSection
	GlobalSection(SolutionProperties) = preSolution
		HideSolutionNode = FALSE
	EndGlobalSection
	GlobalSection(ExtensibilityGlobals) = postSolution
		SolutionGuid = {83D30E44-14C9-49B1-9C4B-99099E6A35FE}
	EndGlobalSection
EndGlobal
