
Microsoft Visual Studio Solution File, Format Version 12.00
# Visual Studio Version 16
VisualStudioVersion = 16.0.30330.147
MinimumVisualStudioVersion = 10.0.40219.1
Project("{8BC9CEB8-8B4A-11D0-8D11-00A0C91BC942}") = "Lab11_3", "Lab11_3\Lab11_3.vcxproj", "{950CFFC1-CF00-4F5A-8EF0-C482D2D2C085}"
EndProject
Global
	GlobalSection(SolutionConfigurationPlatforms) = preSolution
		Debug|x64 = Debug|x64
		Debug|x86 = Debug|x86
		Release|x64 = Release|x64
		Release|x86 = Release|x86
	EndGlobalSection
	GlobalSection(ProjectConfigurationPlatforms) = postSolution
		{950CFFC1-CF00-4F5A-8EF0-C482D2D2C085}.Debug|x64.ActiveCfg = Debug|x64
		{950CFFC1-CF00-4F5A-8EF0-C482D2D2C085}.Debug|x64.Build.0 = Debug|x64
		{950CFFC1-CF00-4F5A-8EF0-C482D2D2C085}.Debug|x86.ActiveCfg = Debug|Win32
		{950CFFC1-CF00-4F5A-8EF0-C482D2D2C085}.Debug|x86.Build.0 = Debug|Win32
		{950CFFC1-CF00-4F5A-8EF0-C482D2D2C085}.Release|x64.ActiveCfg = Release|x64
		{950CFFC1-CF00-4F5A-8EF0-C482D2D2C085}.Release|x64.Build.0 = Release|x64
		{950CFFC1-CF00-4F5A-8EF0-C482D2D2C085}.Release|x86.ActiveCfg = Release|Win32
		{950CFFC1-CF00-4F5A-8EF0-C482D2D2C085}.Release|x86.Build.0 = Release|Win32
	EndGlobalSection
	GlobalSection(SolutionProperties) = preSolution
		HideSolutionNode = FALSE
	EndGlobalSection
	GlobalSection(ExtensibilityGlobals) = postSolution
		SolutionGuid = {2A0AA6D6-83D3-4DB4-A061-5CD7303FA33E}
	EndGlobalSection
EndGlobal
